// !$*UTF8*$!
{
	archiveVersion = 1;
	classes = {
	};
	objectVersion = 48;
	objects = {

/* Begin PBXBuildFile section */
		35554437212C7CB00063AEE7 /* EditDisplayPlistItem.swift in Sources */ = {isa = PBXBuildFile; fileRef = 35554436212C7CB00063AEE7 /* EditDisplayPlistItem.swift */; };
		358D565C212DEDED00F9E9BF /* EZAppDelegate.mm in Sources */ = {isa = PBXBuildFile; fileRef = 358D5653212DEDEC00F9E9BF /* EZAppDelegate.mm */; };
		358D565D212DEDED00F9E9BF /* cmdline.mm in Sources */ = {isa = PBXBuildFile; fileRef = 358D5654212DEDEC00F9E9BF /* cmdline.mm */; };
		358D565E212DEDED00F9E9BF /* main.mm in Sources */ = {isa = PBXBuildFile; fileRef = 358D5655212DEDEC00F9E9BF /* main.mm */; };
		358D565F212DEDED00F9E9BF /* utils.mm in Sources */ = {isa = PBXBuildFile; fileRef = 358D5658212DEDEC00F9E9BF /* utils.mm */; };
		358D5660212DEDED00F9E9BF /* README.md in Resources */ = {isa = PBXBuildFile; fileRef = 358D5659212DEDEC00F9E9BF /* README.md */; };
		358D5661212DEDED00F9E9BF /* ResMenuItem.mm in Sources */ = {isa = PBXBuildFile; fileRef = 358D565B212DEDED00F9E9BF /* ResMenuItem.mm */; };
		358F04E3212D7E6500671ABD /* IOKit.framework in Frameworks */ = {isa = PBXBuildFile; fileRef = 358F04E2212D7E6500671ABD /* IOKit.framework */; };
		D0C60021A0B1C2D3E4F50021 /* CoreAudio.framework in Frameworks */ = {isa = PBXBuildFile; fileRef = D0C60020A0B1C2D3E4F50020 /* CoreAudio.framework */; };
		35C9D3B2212C04DD00D652F7 /* Assets.xcassets in Resources */ = {isa = PBXBuildFile; fileRef = 35C9D3B1212C04DD00D652F7 /* Assets.xcassets */; };
		8F13DECC24FDCE790049A2DF /* export.plist in Resources */ = {isa = PBXBuildFile; fileRef = 8F13DECB24FDCE790049A2DF /* export.plist */; };
		8F48E61724FC761C0073123B /* RestoreSettings.swift in Sources */ = {isa = PBXBuildFile; fileRef = 8F48E61624FC761C0073123B /* RestoreSettings.swift */; };
		8FC72A1C24F664BA004E10E1 /* Resolution.swift in Sources */ = {isa = PBXBuildFile; fileRef = 8FC72A1924F664BA004E10E1 /* Resolution.swift */; };
		8FC72A1E24F664BA004E10E1 /* Utils.swift in Sources */ = {isa = PBXBuildFile; fileRef = 8FC72A1B24F664BA004E10E1 /* Utils.swift */; };
		D19A0032A0B1C2D3E4F50032 /* ColorMode.mm in Sources */ = {isa = PBXBuildFile; fileRef = D19A0031A0B1C2D3E4F50031 /* ColorMode.mm */; };
		FA110011A0B1C2D3E4F50011 /* Update.mm in Sources */ = {isa = PBXBuildFile; fileRef = FA110002A0B1C2D3E4F50002 /* Update.mm */; };
		FA110014A0B1C2D3E4F50014 /* AboutWindowController.swift in Sources */ = {isa = PBXBuildFile; fileRef = FA110004A0B1C2D3E4F50004 /* AboutWindowController.swift */; };
		B4C10013A0B1C2D3E4F50013 /* CoreBrightness.mm in Sources */ = {isa = PBXBuildFile; fileRef = B4C10012A0B1C2D3E4F50012 /* CoreBrightness.mm */; };
		D19A0012A0B1C2D3E4F50012 /* DisplayModes.mm in Sources */ = {isa = PBXBuildFile; fileRef = D19A0002A0B1C2D3E4F50002 /* DisplayModes.mm */; };
		E7D50003A0B1C2D3E4F50003 /* DisplayServices.mm in Sources */ = {isa = PBXBuildFile; fileRef = E7D50002A0B1C2D3E4F50002 /* DisplayServices.mm */; };
		D19A0013A0B1C2D3E4F50013 /* PreferencesWindowController.swift in Sources */ = {isa = PBXBuildFile; fileRef = D19A0003A0B1C2D3E4F50003 /* PreferencesWindowController.swift */; };
		C0570011A0B1C2D3E4F50011 /* CustomResolutionsStore.swift in Sources */ = {isa = PBXBuildFile; fileRef = C0570001A0B1C2D3E4F50001 /* CustomResolutionsStore.swift */; };
		C0570012A0B1C2D3E4F50012 /* CustomResolutionsWindowController.swift in Sources */ = {isa = PBXBuildFile; fileRef = C0570002A0B1C2D3E4F50002 /* CustomResolutionsWindowController.swift */; };
		C0570013A0B1C2D3E4F50013 /* SafeApply.swift in Sources */ = {isa = PBXBuildFile; fileRef = C0570003A0B1C2D3E4F50003 /* SafeApply.swift */; };
		C0570019A0B1C2D3E4F50019 /* ColorModeUI.swift in Sources */ = {isa = PBXBuildFile; fileRef = C0570009A0B1C2D3E4F50009 /* ColorModeUI.swift */; };
		E7D60002A0B1C2D3E4F50002 /* BrightnessSlider.swift in Sources */ = {isa = PBXBuildFile; fileRef = E7D60001A0B1C2D3E4F50001 /* BrightnessSlider.swift */; };
		D0C40002A0B1C2D3E4F50002 /* VolumeSlider.swift in Sources */ = {isa = PBXBuildFile; fileRef = D0C40001A0B1C2D3E4F50001 /* VolumeSlider.swift */; };
		EA0200000000000000000002 /* VolumeHUD.swift in Sources */ = {isa = PBXBuildFile; fileRef = EA0100000000000000000001 /* VolumeHUD.swift */; };
		EA0300000000000000000003 /* VolumeHUD.swift in Sources */ = {isa = PBXBuildFile; fileRef = EA0100000000000000000001 /* VolumeHUD.swift */; };
		EA0500000000000000000005 /* VolumeHUDTests.swift in Sources */ = {isa = PBXBuildFile; fileRef = EA0400000000000000000004 /* VolumeHUDTests.swift */; };
		EA0700000000000000000007 /* MainMenu.swift in Sources */ = {isa = PBXBuildFile; fileRef = EA0600000000000000000006 /* MainMenu.swift */; };
		EA0800000000000000000008 /* MainMenu.swift in Sources */ = {isa = PBXBuildFile; fileRef = EA0600000000000000000006 /* MainMenu.swift */; };
		EA0A0000000000000000000A /* MainMenuTests.swift in Sources */ = {isa = PBXBuildFile; fileRef = EA0900000000000000000009 /* MainMenuTests.swift */; };
		EA0C000000000000000000C0 /* SettingsPane.swift in Sources */ = {isa = PBXBuildFile; fileRef = EA0B000000000000000000B0 /* SettingsPane.swift */; };
		EA0D000000000000000000D0 /* SettingsPane.swift in Sources */ = {isa = PBXBuildFile; fileRef = EA0B000000000000000000B0 /* SettingsPane.swift */; };
		EA0F000000000000000000F0 /* SettingsPaneTests.swift in Sources */ = {isa = PBXBuildFile; fileRef = EA0E000000000000000000E0 /* SettingsPaneTests.swift */; };
		EA17000000000000000002B0 /* AboutWindowController.swift in Sources */ = {isa = PBXBuildFile; fileRef = FA110004A0B1C2D3E4F50004 /* AboutWindowController.swift */; };
		EA16000000000000000002A0 /* AboutPanelTests.swift in Sources */ = {isa = PBXBuildFile; fileRef = EA15000000000000000001F0 /* AboutPanelTests.swift */; };
		EA11000000000000000001B0 /* VolumeMute.swift in Sources */ = {isa = PBXBuildFile; fileRef = EA10000000000000000001A0 /* VolumeMute.swift */; };
		EA12000000000000000001C0 /* VolumeMute.swift in Sources */ = {isa = PBXBuildFile; fileRef = EA10000000000000000001A0 /* VolumeMute.swift */; };
		EA14000000000000000001E0 /* VolumeMuteTests.swift in Sources */ = {isa = PBXBuildFile; fileRef = EA13000000000000000001D0 /* VolumeMuteTests.swift */; };
		E7E50018A0B1C2D3E4F50018 /* UtilsTests.swift in Sources */ = {isa = PBXBuildFile; fileRef = E7E50017A0B1C2D3E4F50017 /* UtilsTests.swift */; };
		E7E50019A0B1C2D3E4F50019 /* Utils.swift in Sources */ = {isa = PBXBuildFile; fileRef = 8FC72A1B24F664BA004E10E1 /* Utils.swift */; };
		E7E5001AA0B1C2D3E4F5001A /* RestoreSettings.swift in Sources */ = {isa = PBXBuildFile; fileRef = 8F48E61624FC761C0073123B /* RestoreSettings.swift */; };
		E7E5001BA0B1C2D3E4F5001B /* CustomResolutionsStore.swift in Sources */ = {isa = PBXBuildFile; fileRef = C0570001A0B1C2D3E4F50001 /* CustomResolutionsStore.swift */; };
		E7E5001CA0B1C2D3E4F5001C /* Resolution.swift in Sources */ = {isa = PBXBuildFile; fileRef = 8FC72A1924F664BA004E10E1 /* Resolution.swift */; };
		E7E5001DA0B1C2D3E4F5001D /* RestoreSettingsTests.swift in Sources */ = {isa = PBXBuildFile; fileRef = E7E5001EA0B1C2D3E4F5001E /* RestoreSettingsTests.swift */; };
		E7E5001FA0B1C2D3E4F5001F /* ResolutionTests.swift in Sources */ = {isa = PBXBuildFile; fileRef = E7E50023A0B1C2D3E4F50023 /* ResolutionTests.swift */; };
		E7E50021A0B1C2D3E4F50021 /* ColorModeTests.mm in Sources */ = {isa = PBXBuildFile; fileRef = E7E50020A0B1C2D3E4F50020 /* ColorModeTests.mm */; };
		E7E50022A0B1C2D3E4F50022 /* ColorMode.mm in Sources */ = {isa = PBXBuildFile; fileRef = D19A0031A0B1C2D3E4F50031 /* ColorMode.mm */; };
		FA110012A0B1C2D3E4F50012 /* UpdateTests.mm in Sources */ = {isa = PBXBuildFile; fileRef = FA110003A0B1C2D3E4F50003 /* UpdateTests.mm */; };
		FA110013A0B1C2D3E4F50013 /* Update.mm in Sources */ = {isa = PBXBuildFile; fileRef = FA110002A0B1C2D3E4F50002 /* Update.mm */; };
		A1B20011A0B1C2D3E4F50011 /* CommandPlan.mm in Sources */ = {isa = PBXBuildFile; fileRef = A1B20002A0B1C2D3E4F50002 /* CommandPlan.mm */; };
		A1B20012A0B1C2D3E4F50012 /* CommandPlan.mm in Sources */ = {isa = PBXBuildFile; fileRef = A1B20002A0B1C2D3E4F50002 /* CommandPlan.mm */; };
		A1B20013A0B1C2D3E4F50013 /* CommandPlanTests.mm in Sources */ = {isa = PBXBuildFile; fileRef = A1B20003A0B1C2D3E4F50003 /* CommandPlanTests.mm */; };
		D0C10011A0B1C2D3E4F50011 /* DDCProtocol.mm in Sources */ = {isa = PBXBuildFile; fileRef = D0C10002A0B1C2D3E4F50002 /* DDCProtocol.mm */; };
		D0C10012A0B1C2D3E4F50012 /* DDCProtocol.mm in Sources */ = {isa = PBXBuildFile; fileRef = D0C10002A0B1C2D3E4F50002 /* DDCProtocol.mm */; };
		D0C10013A0B1C2D3E4F50013 /* DDCProtocolTests.mm in Sources */ = {isa = PBXBuildFile; fileRef = D0C10003A0B1C2D3E4F50003 /* DDCProtocolTests.mm */; };
		D0C50011A0B1C2D3E4F50011 /* MediaKeys.mm in Sources */ = {isa = PBXBuildFile; fileRef = D0C50002A0B1C2D3E4F50002 /* MediaKeys.mm */; };
		D0C50012A0B1C2D3E4F50012 /* MediaKeys.mm in Sources */ = {isa = PBXBuildFile; fileRef = D0C50002A0B1C2D3E4F50002 /* MediaKeys.mm */; };
		D0C50013A0B1C2D3E4F50013 /* MediaKeysTests.mm in Sources */ = {isa = PBXBuildFile; fileRef = D0C50003A0B1C2D3E4F50003 /* MediaKeysTests.mm */; };
		D0C60011A0B1C2D3E4F50011 /* VolumeKeys.mm in Sources */ = {isa = PBXBuildFile; fileRef = D0C60002A0B1C2D3E4F50002 /* VolumeKeys.mm */; };
		D0C20011A0B1C2D3E4F50011 /* DisplayPort.mm in Sources */ = {isa = PBXBuildFile; fileRef = D0C20002A0B1C2D3E4F50002 /* DisplayPort.mm */; };
		D0C20012A0B1C2D3E4F50012 /* DisplayPort.mm in Sources */ = {isa = PBXBuildFile; fileRef = D0C20002A0B1C2D3E4F50002 /* DisplayPort.mm */; };
		D0C30011A0B1C2D3E4F50011 /* DDC.mm in Sources */ = {isa = PBXBuildFile; fileRef = D0C30002A0B1C2D3E4F50002 /* DDC.mm */; };
		D0C30012A0B1C2D3E4F50012 /* DDC.mm in Sources */ = {isa = PBXBuildFile; fileRef = D0C30002A0B1C2D3E4F50002 /* DDC.mm */; };
/* End PBXBuildFile section */

/* Begin PBXFileReference section */
		35554436212C7CB00063AEE7 /* EditDisplayPlistItem.swift */ = {isa = PBXFileReference; lastKnownFileType = sourcecode.swift; path = EditDisplayPlistItem.swift; sourceTree = "<group>"; };
		358D5652212DEDEB00F9E9BF /* utils.h */ = {isa = PBXFileReference; fileEncoding = 4; lastKnownFileType = sourcecode.c.h; path = utils.h; sourceTree = "<group>"; };
		358D5653212DEDEC00F9E9BF /* EZAppDelegate.mm */ = {isa = PBXFileReference; fileEncoding = 4; lastKnownFileType = sourcecode.cpp.objcpp; path = EZAppDelegate.mm; sourceTree = "<group>"; };
		358D5654212DEDEC00F9E9BF /* cmdline.mm */ = {isa = PBXFileReference; fileEncoding = 4; lastKnownFileType = sourcecode.cpp.objcpp; path = cmdline.mm; sourceTree = "<group>"; };
		358D5655212DEDEC00F9E9BF /* main.mm */ = {isa = PBXFileReference; fileEncoding = 4; lastKnownFileType = sourcecode.cpp.objcpp; path = main.mm; sourceTree = "<group>"; };
		358D5656212DEDEC00F9E9BF /* cmdline.h */ = {isa = PBXFileReference; fileEncoding = 4; lastKnownFileType = sourcecode.c.h; path = cmdline.h; sourceTree = "<group>"; };
		358D5657212DEDEC00F9E9BF /* ResMenuItem.h */ = {isa = PBXFileReference; fileEncoding = 4; lastKnownFileType = sourcecode.c.h; path = ResMenuItem.h; sourceTree = "<group>"; };
		358D5658212DEDEC00F9E9BF /* utils.mm */ = {isa = PBXFileReference; fileEncoding = 4; lastKnownFileType = sourcecode.cpp.objcpp; path = utils.mm; sourceTree = "<group>"; };
		358D5659212DEDEC00F9E9BF /* README.md */ = {isa = PBXFileReference; fileEncoding = 4; lastKnownFileType = net.daringfireball.markdown; path = README.md; sourceTree = "<group>"; };
		358D565A212DEDED00F9E9BF /* EZAppDelegate.h */ = {isa = PBXFileReference; fileEncoding = 4; lastKnownFileType = sourcecode.c.h; path = EZAppDelegate.h; sourceTree = "<group>"; };
		358D565B212DEDED00F9E9BF /* ResMenuItem.mm */ = {isa = PBXFileReference; fileEncoding = 4; lastKnownFileType = sourcecode.cpp.objcpp; path = ResMenuItem.mm; sourceTree = "<group>"; };
		358F04E2212D7E6500671ABD /* IOKit.framework */ = {isa = PBXFileReference; lastKnownFileType = wrapper.framework; name = IOKit.framework; path = System/Library/Frameworks/IOKit.framework; sourceTree = SDKROOT; };
		D0C60020A0B1C2D3E4F50020 /* CoreAudio.framework */ = {isa = PBXFileReference; lastKnownFileType = wrapper.framework; name = CoreAudio.framework; path = System/Library/Frameworks/CoreAudio.framework; sourceTree = SDKROOT; };
		35C9D3AB212C04DA00D652F7 /* EZDisplay.app */ = {isa = PBXFileReference; explicitFileType = wrapper.application; includeInIndex = 0; path = EZDisplay.app; sourceTree = BUILT_PRODUCTS_DIR; };
		35C9D3B1212C04DD00D652F7 /* Assets.xcassets */ = {isa = PBXFileReference; lastKnownFileType = folder.assetcatalog; path = Assets.xcassets; sourceTree = "<group>"; };
		35C9D3B6212C04DD00D652F7 /* Info.plist */ = {isa = PBXFileReference; lastKnownFileType = text.plist.xml; path = Info.plist; sourceTree = "<group>"; };
		35CC4996212C54AF00704BD7 /* bridging.h */ = {isa = PBXFileReference; lastKnownFileType = sourcecode.c.h; path = bridging.h; sourceTree = "<group>"; };
		35E3DC1621281E3E00B4D66A /* Cocoa.framework */ = {isa = PBXFileReference; lastKnownFileType = wrapper.framework; name = Cocoa.framework; path = System/Library/Frameworks/Cocoa.framework; sourceTree = SDKROOT; };
		8F13DECB24FDCE790049A2DF /* export.plist */ = {isa = PBXFileReference; fileEncoding = 4; lastKnownFileType = text.plist.xml; path = export.plist; sourceTree = "<group>"; };
		8F48E61624FC761C0073123B /* RestoreSettings.swift */ = {isa = PBXFileReference; lastKnownFileType = sourcecode.swift; path = RestoreSettings.swift; sourceTree = "<group>"; };
		8FC72A1924F664BA004E10E1 /* Resolution.swift */ = {isa = PBXFileReference; fileEncoding = 4; lastKnownFileType = sourcecode.swift; path = Resolution.swift; sourceTree = "<group>"; };
		8FC72A1B24F664BA004E10E1 /* Utils.swift */ = {isa = PBXFileReference; fileEncoding = 4; lastKnownFileType = sourcecode.swift; path = Utils.swift; sourceTree = "<group>"; };
		D19A0030A0B1C2D3E4F50030 /* ColorMode.h */ = {isa = PBXFileReference; fileEncoding = 4; lastKnownFileType = sourcecode.c.h; path = ColorMode.h; sourceTree = "<group>"; };
		D19A0031A0B1C2D3E4F50031 /* ColorMode.mm */ = {isa = PBXFileReference; fileEncoding = 4; lastKnownFileType = sourcecode.cpp.objcpp; path = ColorMode.mm; sourceTree = "<group>"; };
		FA110001A0B1C2D3E4F50001 /* Update.h */ = {isa = PBXFileReference; fileEncoding = 4; lastKnownFileType = sourcecode.c.h; path = Update.h; sourceTree = "<group>"; };
		FA110002A0B1C2D3E4F50002 /* Update.mm */ = {isa = PBXFileReference; fileEncoding = 4; lastKnownFileType = sourcecode.cpp.objcpp; path = Update.mm; sourceTree = "<group>"; };
		FA110004A0B1C2D3E4F50004 /* AboutWindowController.swift */ = {isa = PBXFileReference; fileEncoding = 4; lastKnownFileType = sourcecode.swift; path = AboutWindowController.swift; sourceTree = "<group>"; };
		B4C10011A0B1C2D3E4F50011 /* CoreBrightness.h */ = {isa = PBXFileReference; fileEncoding = 4; lastKnownFileType = sourcecode.c.h; path = CoreBrightness.h; sourceTree = "<group>"; };
		B4C10012A0B1C2D3E4F50012 /* CoreBrightness.mm */ = {isa = PBXFileReference; fileEncoding = 4; lastKnownFileType = sourcecode.cpp.objcpp; path = CoreBrightness.mm; sourceTree = "<group>"; };
		D19A0001A0B1C2D3E4F50001 /* DisplayModes.h */ = {isa = PBXFileReference; fileEncoding = 4; lastKnownFileType = sourcecode.c.h; path = DisplayModes.h; sourceTree = "<group>"; };
		D19A0002A0B1C2D3E4F50002 /* DisplayModes.mm */ = {isa = PBXFileReference; fileEncoding = 4; lastKnownFileType = sourcecode.cpp.objcpp; path = DisplayModes.mm; sourceTree = "<group>"; };
		E7D50001A0B1C2D3E4F50001 /* DisplayServices.h */ = {isa = PBXFileReference; fileEncoding = 4; lastKnownFileType = sourcecode.c.h; path = DisplayServices.h; sourceTree = "<group>"; };
		E7D50002A0B1C2D3E4F50002 /* DisplayServices.mm */ = {isa = PBXFileReference; fileEncoding = 4; lastKnownFileType = sourcecode.cpp.objcpp; path = DisplayServices.mm; sourceTree = "<group>"; };
		D19A0003A0B1C2D3E4F50003 /* PreferencesWindowController.swift */ = {isa = PBXFileReference; fileEncoding = 4; lastKnownFileType = sourcecode.swift; path = PreferencesWindowController.swift; sourceTree = "<group>"; };
		C0570001A0B1C2D3E4F50001 /* CustomResolutionsStore.swift */ = {isa = PBXFileReference; fileEncoding = 4; lastKnownFileType = sourcecode.swift; path = CustomResolutionsStore.swift; sourceTree = "<group>"; };
		C0570002A0B1C2D3E4F50002 /* CustomResolutionsWindowController.swift */ = {isa = PBXFileReference; fileEncoding = 4; lastKnownFileType = sourcecode.swift; path = CustomResolutionsWindowController.swift; sourceTree = "<group>"; };
		C0570003A0B1C2D3E4F50003 /* SafeApply.swift */ = {isa = PBXFileReference; fileEncoding = 4; lastKnownFileType = sourcecode.swift; path = SafeApply.swift; sourceTree = "<group>"; };
		C0570009A0B1C2D3E4F50009 /* ColorModeUI.swift */ = {isa = PBXFileReference; fileEncoding = 4; lastKnownFileType = sourcecode.swift; path = ColorModeUI.swift; sourceTree = "<group>"; };
		E7D60001A0B1C2D3E4F50001 /* BrightnessSlider.swift */ = {isa = PBXFileReference; fileEncoding = 4; lastKnownFileType = sourcecode.swift; path = BrightnessSlider.swift; sourceTree = "<group>"; };
		D0C40001A0B1C2D3E4F50001 /* VolumeSlider.swift */ = {isa = PBXFileReference; fileEncoding = 4; lastKnownFileType = sourcecode.swift; path = VolumeSlider.swift; sourceTree = "<group>"; };
		EA0100000000000000000001 /* VolumeHUD.swift */ = {isa = PBXFileReference; fileEncoding = 4; lastKnownFileType = sourcecode.swift; path = VolumeHUD.swift; sourceTree = "<group>"; };
		EA0600000000000000000006 /* MainMenu.swift */ = {isa = PBXFileReference; fileEncoding = 4; lastKnownFileType = sourcecode.swift; path = MainMenu.swift; sourceTree = "<group>"; };
		EA0B000000000000000000B0 /* SettingsPane.swift */ = {isa = PBXFileReference; fileEncoding = 4; lastKnownFileType = sourcecode.swift; path = SettingsPane.swift; sourceTree = "<group>"; };
		E7E50011A0B1C2D3E4F50011 /* EZDisplayTests.xctest */ = {isa = PBXFileReference; explicitFileType = wrapper.cfbundle; includeInIndex = 0; path = EZDisplayTests.xctest; sourceTree = BUILT_PRODUCTS_DIR; };
		E7E50017A0B1C2D3E4F50017 /* UtilsTests.swift */ = {isa = PBXFileReference; fileEncoding = 4; lastKnownFileType = sourcecode.swift; path = UtilsTests.swift; sourceTree = "<group>"; };
		EA0400000000000000000004 /* VolumeHUDTests.swift */ = {isa = PBXFileReference; fileEncoding = 4; lastKnownFileType = sourcecode.swift; path = VolumeHUDTests.swift; sourceTree = "<group>"; };
		EA0900000000000000000009 /* MainMenuTests.swift */ = {isa = PBXFileReference; fileEncoding = 4; lastKnownFileType = sourcecode.swift; path = MainMenuTests.swift; sourceTree = "<group>"; };
		EA0E000000000000000000E0 /* SettingsPaneTests.swift */ = {isa = PBXFileReference; fileEncoding = 4; lastKnownFileType = sourcecode.swift; path = SettingsPaneTests.swift; sourceTree = "<group>"; };
		EA18000000000000000002C0 /* bridging-tests.h */ = {isa = PBXFileReference; fileEncoding = 4; lastKnownFileType = sourcecode.c.h; path = "bridging-tests.h"; sourceTree = "<group>"; };
		EA15000000000000000001F0 /* AboutPanelTests.swift */ = {isa = PBXFileReference; fileEncoding = 4; lastKnownFileType = sourcecode.swift; path = AboutPanelTests.swift; sourceTree = "<group>"; };
		EA10000000000000000001A0 /* VolumeMute.swift */ = {isa = PBXFileReference; fileEncoding = 4; lastKnownFileType = sourcecode.swift; path = VolumeMute.swift; sourceTree = "<group>"; };
		EA13000000000000000001D0 /* VolumeMuteTests.swift */ = {isa = PBXFileReference; fileEncoding = 4; lastKnownFileType = sourcecode.swift; path = VolumeMuteTests.swift; sourceTree = "<group>"; };
		E7E5001EA0B1C2D3E4F5001E /* RestoreSettingsTests.swift */ = {isa = PBXFileReference; fileEncoding = 4; lastKnownFileType = sourcecode.swift; path = RestoreSettingsTests.swift; sourceTree = "<group>"; };
		E7E50023A0B1C2D3E4F50023 /* ResolutionTests.swift */ = {isa = PBXFileReference; fileEncoding = 4; lastKnownFileType = sourcecode.swift; path = ResolutionTests.swift; sourceTree = "<group>"; };
		E7E50020A0B1C2D3E4F50020 /* ColorModeTests.mm */ = {isa = PBXFileReference; fileEncoding = 4; lastKnownFileType = sourcecode.cpp.objcpp; path = ColorModeTests.mm; sourceTree = "<group>"; };
		FA110003A0B1C2D3E4F50003 /* UpdateTests.mm */ = {isa = PBXFileReference; fileEncoding = 4; lastKnownFileType = sourcecode.cpp.objcpp; path = UpdateTests.mm; sourceTree = "<group>"; };
		A1B20001A0B1C2D3E4F50001 /* CommandPlan.h */ = {isa = PBXFileReference; fileEncoding = 4; lastKnownFileType = sourcecode.c.h; path = CommandPlan.h; sourceTree = "<group>"; };
		A1B20002A0B1C2D3E4F50002 /* CommandPlan.mm */ = {isa = PBXFileReference; fileEncoding = 4; lastKnownFileType = sourcecode.cpp.objcpp; path = CommandPlan.mm; sourceTree = "<group>"; };
		A1B20003A0B1C2D3E4F50003 /* CommandPlanTests.mm */ = {isa = PBXFileReference; fileEncoding = 4; lastKnownFileType = sourcecode.cpp.objcpp; path = CommandPlanTests.mm; sourceTree = "<group>"; };
		D0C10001A0B1C2D3E4F50001 /* DDCProtocol.h */ = {isa = PBXFileReference; fileEncoding = 4; lastKnownFileType = sourcecode.c.h; path = DDCProtocol.h; sourceTree = "<group>"; };
		D0C10002A0B1C2D3E4F50002 /* DDCProtocol.mm */ = {isa = PBXFileReference; fileEncoding = 4; lastKnownFileType = sourcecode.cpp.objcpp; path = DDCProtocol.mm; sourceTree = "<group>"; };
		D0C10003A0B1C2D3E4F50003 /* DDCProtocolTests.mm */ = {isa = PBXFileReference; fileEncoding = 4; lastKnownFileType = sourcecode.cpp.objcpp; path = DDCProtocolTests.mm; sourceTree = "<group>"; };
		D0C50001A0B1C2D3E4F50001 /* MediaKeys.h */ = {isa = PBXFileReference; fileEncoding = 4; lastKnownFileType = sourcecode.c.h; path = MediaKeys.h; sourceTree = "<group>"; };
		D0C50002A0B1C2D3E4F50002 /* MediaKeys.mm */ = {isa = PBXFileReference; fileEncoding = 4; lastKnownFileType = sourcecode.cpp.objcpp; path = MediaKeys.mm; sourceTree = "<group>"; };
		D0C50003A0B1C2D3E4F50003 /* MediaKeysTests.mm */ = {isa = PBXFileReference; fileEncoding = 4; lastKnownFileType = sourcecode.cpp.objcpp; path = MediaKeysTests.mm; sourceTree = "<group>"; };
		D0C60001A0B1C2D3E4F50001 /* VolumeKeys.h */ = {isa = PBXFileReference; fileEncoding = 4; lastKnownFileType = sourcecode.c.h; path = VolumeKeys.h; sourceTree = "<group>"; };
		D0C60002A0B1C2D3E4F50002 /* VolumeKeys.mm */ = {isa = PBXFileReference; fileEncoding = 4; lastKnownFileType = sourcecode.cpp.objcpp; path = VolumeKeys.mm; sourceTree = "<group>"; };
		D0C20001A0B1C2D3E4F50001 /* DisplayPort.h */ = {isa = PBXFileReference; fileEncoding = 4; lastKnownFileType = sourcecode.c.h; path = DisplayPort.h; sourceTree = "<group>"; };
		D0C20002A0B1C2D3E4F50002 /* DisplayPort.mm */ = {isa = PBXFileReference; fileEncoding = 4; lastKnownFileType = sourcecode.cpp.objcpp; path = DisplayPort.mm; sourceTree = "<group>"; };
		D0C30001A0B1C2D3E4F50001 /* DDC.h */ = {isa = PBXFileReference; fileEncoding = 4; lastKnownFileType = sourcecode.c.h; path = DDC.h; sourceTree = "<group>"; };
		D0C30002A0B1C2D3E4F50002 /* DDC.mm */ = {isa = PBXFileReference; fileEncoding = 4; lastKnownFileType = sourcecode.cpp.objcpp; path = DDC.mm; sourceTree = "<group>"; };
/* End PBXFileReference section */

/* Begin PBXFrameworksBuildPhase section */
		35C9D3A8212C04DA00D652F7 /* Frameworks */ = {
			isa = PBXFrameworksBuildPhase;
			buildActionMask = 2147483647;
			files = (
				358F04E3212D7E6500671ABD /* IOKit.framework in Frameworks */,
				D0C60021A0B1C2D3E4F50021 /* CoreAudio.framework in Frameworks */,
			);
			runOnlyForDeploymentPostprocessing = 0;
		};
/* End PBXFrameworksBuildPhase section */

/* Begin PBXGroup section */
		350B4EE41FB05B2E0001A095 = {
			isa = PBXGroup;
			children = (
				358D5659212DEDEC00F9E9BF /* README.md */,
				35C9D3B1212C04DD00D652F7 /* Assets.xcassets */,
				8FA84DA824FB27200079E5A9 /* etc */,
				8FA84DA724FB26AA0079E5A9 /* src */,
				E7E50016A0B1C2D3E4F50016 /* tests */,
				350B4EEE1FB05B2E0001A095 /* Products */,
				35E3DC1521281E3E00B4D66A /* Frameworks */,
			);
			sourceTree = "<group>";
			usesTabs = 0;
		};
		350B4EEE1FB05B2E0001A095 /* Products */ = {
			isa = PBXGroup;
			children = (
				35C9D3AB212C04DA00D652F7 /* EZDisplay.app */,
				E7E50011A0B1C2D3E4F50011 /* EZDisplayTests.xctest */,
			);
			name = Products;
			sourceTree = "<group>";
		};
		35E3DC1521281E3E00B4D66A /* Frameworks */ = {
			isa = PBXGroup;
			children = (
				358F04E2212D7E6500671ABD /* IOKit.framework */,
				D0C60020A0B1C2D3E4F50020 /* CoreAudio.framework */,
				35E3DC1621281E3E00B4D66A /* Cocoa.framework */,
			);
			name = Frameworks;
			sourceTree = "<group>";
		};
		8FA84DA724FB26AA0079E5A9 /* src */ = {
			isa = PBXGroup;
			children = (
				358D5656212DEDEC00F9E9BF /* cmdline.h */,
				358D5654212DEDEC00F9E9BF /* cmdline.mm */,
				358D5655212DEDEC00F9E9BF /* main.mm */,
				358D565A212DEDED00F9E9BF /* EZAppDelegate.h */,
				358D5653212DEDEC00F9E9BF /* EZAppDelegate.mm */,
				358D5657212DEDEC00F9E9BF /* ResMenuItem.h */,
				358D565B212DEDED00F9E9BF /* ResMenuItem.mm */,
				358D5652212DEDEB00F9E9BF /* utils.h */,
				358D5658212DEDEC00F9E9BF /* utils.mm */,
				8FC72A1924F664BA004E10E1 /* Resolution.swift */,
				35554436212C7CB00063AEE7 /* EditDisplayPlistItem.swift */,
				8F48E61624FC761C0073123B /* RestoreSettings.swift */,
				8FC72A1B24F664BA004E10E1 /* Utils.swift */,
				D19A0030A0B1C2D3E4F50030 /* ColorMode.h */,
				D19A0031A0B1C2D3E4F50031 /* ColorMode.mm */,
				FA110001A0B1C2D3E4F50001 /* Update.h */,
				FA110002A0B1C2D3E4F50002 /* Update.mm */,
				FA110004A0B1C2D3E4F50004 /* AboutWindowController.swift */,
				B4C10011A0B1C2D3E4F50011 /* CoreBrightness.h */,
				B4C10012A0B1C2D3E4F50012 /* CoreBrightness.mm */,
				D19A0001A0B1C2D3E4F50001 /* DisplayModes.h */,
				D19A0002A0B1C2D3E4F50002 /* DisplayModes.mm */,
				E7D50001A0B1C2D3E4F50001 /* DisplayServices.h */,
				E7D50002A0B1C2D3E4F50002 /* DisplayServices.mm */,
				D19A0003A0B1C2D3E4F50003 /* PreferencesWindowController.swift */,
				C0570001A0B1C2D3E4F50001 /* CustomResolutionsStore.swift */,
				C0570002A0B1C2D3E4F50002 /* CustomResolutionsWindowController.swift */,
				C0570003A0B1C2D3E4F50003 /* SafeApply.swift */,
				C0570009A0B1C2D3E4F50009 /* ColorModeUI.swift */,
				E7D60001A0B1C2D3E4F50001 /* BrightnessSlider.swift */,
				D0C40001A0B1C2D3E4F50001 /* VolumeSlider.swift */,
				EA0100000000000000000001 /* VolumeHUD.swift */,
				EA0600000000000000000006 /* MainMenu.swift */,
				EA0B000000000000000000B0 /* SettingsPane.swift */,
				EA10000000000000000001A0 /* VolumeMute.swift */,
				A1B20001A0B1C2D3E4F50001 /* CommandPlan.h */,
				A1B20002A0B1C2D3E4F50002 /* CommandPlan.mm */,
				D0C30001A0B1C2D3E4F50001 /* DDC.h */,
				D0C30002A0B1C2D3E4F50002 /* DDC.mm */,
				D0C10001A0B1C2D3E4F50001 /* DDCProtocol.h */,
				D0C10002A0B1C2D3E4F50002 /* DDCProtocol.mm */,
				D0C50001A0B1C2D3E4F50001 /* MediaKeys.h */,
				D0C50002A0B1C2D3E4F50002 /* MediaKeys.mm */,
				D0C60001A0B1C2D3E4F50001 /* VolumeKeys.h */,
				D0C60002A0B1C2D3E4F50002 /* VolumeKeys.mm */,
				D0C20001A0B1C2D3E4F50001 /* DisplayPort.h */,
				D0C20002A0B1C2D3E4F50002 /* DisplayPort.mm */,
				35CC4996212C54AF00704BD7 /* bridging.h */,
			);
			path = src;
			sourceTree = "<group>";
		};
		E7E50016A0B1C2D3E4F50016 /* tests */ = {
			isa = PBXGroup;
			children = (
				E7E50017A0B1C2D3E4F50017 /* UtilsTests.swift */,
				EA0400000000000000000004 /* VolumeHUDTests.swift */,
				EA0900000000000000000009 /* MainMenuTests.swift */,
				EA0E000000000000000000E0 /* SettingsPaneTests.swift */,
				EA15000000000000000001F0 /* AboutPanelTests.swift */,
				EA18000000000000000002C0 /* bridging-tests.h */,
				EA13000000000000000001D0 /* VolumeMuteTests.swift */,
				E7E5001EA0B1C2D3E4F5001E /* RestoreSettingsTests.swift */,
				E7E50023A0B1C2D3E4F50023 /* ResolutionTests.swift */,
				E7E50020A0B1C2D3E4F50020 /* ColorModeTests.mm */,
				FA110003A0B1C2D3E4F50003 /* UpdateTests.mm */,
				A1B20003A0B1C2D3E4F50003 /* CommandPlanTests.mm */,
				D0C10003A0B1C2D3E4F50003 /* DDCProtocolTests.mm */,
				D0C50003A0B1C2D3E4F50003 /* MediaKeysTests.mm */,
			);
			path = tests;
			sourceTree = "<group>";
		};
		8FA84DA824FB27200079E5A9 /* etc */ = {
			isa = PBXGroup;
			children = (
				35C9D3B6212C04DD00D652F7 /* Info.plist */,
				8F13DECB24FDCE790049A2DF /* export.plist */,
			);
			path = etc;
			sourceTree = "<group>";
		};
/* End PBXGroup section */

/* Begin PBXNativeTarget section */
		35C9D3AA212C04DA00D652F7 /* EZDisplay */ = {
			isa = PBXNativeTarget;
			buildConfigurationList = 35C9D3BA212C04DD00D652F7 /* Build configuration list for PBXNativeTarget "EZDisplay" */;
			buildPhases = (
				35C9D3A7212C04DA00D652F7 /* Sources */,
				35C9D3A8212C04DA00D652F7 /* Frameworks */,
				35C9D3A9212C04DA00D652F7 /* Resources */,
			);
			buildRules = (
			);
			dependencies = (
			);
			name = EZDisplay;
			productName = EZDisplay;
			productReference = 35C9D3AB212C04DA00D652F7 /* EZDisplay.app */;
			productType = "com.apple.product-type.application";
		};
		E7E50010A0B1C2D3E4F50010 /* EZDisplayTests */ = {
			isa = PBXNativeTarget;
			buildConfigurationList = E7E50013A0B1C2D3E4F50013 /* Build configuration list for PBXNativeTarget "EZDisplayTests" */;
			buildPhases = (
				E7E50012A0B1C2D3E4F50012 /* Sources */,
			);
			buildRules = (
			);
			dependencies = (
			);
			name = EZDisplayTests;
			productName = EZDisplayTests;
			productReference = E7E50011A0B1C2D3E4F50011 /* EZDisplayTests.xctest */;
			productType = "com.apple.product-type.bundle.unit-test";
		};
/* End PBXNativeTarget section */

/* Begin PBXProject section */
		350B4EE51FB05B2E0001A095 /* Project object */ = {
			isa = PBXProject;
			attributes = {
				LastSwiftUpdateCheck = 1000;
				LastUpgradeCheck = 1200;
				ORGANIZATIONNAME = "David Noyes";
				TargetAttributes = {
					35C9D3AA212C04DA00D652F7 = {
						CreatedOnToolsVersion = 10.0;
						LastSwiftMigration = 1160;
						ProvisioningStyle = Automatic;
						SystemCapabilities = {
							com.apple.Sandbox = {
								enabled = 0;
							};
						};
					};
					E7E50010A0B1C2D3E4F50010 = {
						CreatedOnToolsVersion = 26.6;
						ProvisioningStyle = Automatic;
					};
				};
			};
			buildConfigurationList = 350B4EE81FB05B2E0001A095 /* Build configuration list for PBXProject "EZDisplay" */;
			compatibilityVersion = "Xcode 8.0";
			developmentRegion = en;
			hasScannedForEncodings = 0;
			knownRegions = (
				en,
				Base,
			);
			mainGroup = 350B4EE41FB05B2E0001A095;
			productRefGroup = 350B4EEE1FB05B2E0001A095 /* Products */;
			projectDirPath = "";
			projectRoot = "";
			targets = (
				35C9D3AA212C04DA00D652F7 /* EZDisplay */,
				E7E50010A0B1C2D3E4F50010 /* EZDisplayTests */,
			);
		};
/* End PBXProject section */

/* Begin PBXResourcesBuildPhase section */
		35C9D3A9212C04DA00D652F7 /* Resources */ = {
			isa = PBXResourcesBuildPhase;
			buildActionMask = 2147483647;
			files = (
				8F13DECC24FDCE790049A2DF /* export.plist in Resources */,
				358D5660212DEDED00F9E9BF /* README.md in Resources */,
				35C9D3B2212C04DD00D652F7 /* Assets.xcassets in Resources */,
			);
			runOnlyForDeploymentPostprocessing = 0;
		};
/* End PBXResourcesBuildPhase section */

/* Begin PBXSourcesBuildPhase section */
		35C9D3A7212C04DA00D652F7 /* Sources */ = {
			isa = PBXSourcesBuildPhase;
			buildActionMask = 2147483647;
			files = (
				358D565C212DEDED00F9E9BF /* EZAppDelegate.mm in Sources */,
				358D5661212DEDED00F9E9BF /* ResMenuItem.mm in Sources */,
				358D565F212DEDED00F9E9BF /* utils.mm in Sources */,
				35554437212C7CB00063AEE7 /* EditDisplayPlistItem.swift in Sources */,
				8FC72A1E24F664BA004E10E1 /* Utils.swift in Sources */,
				358D565D212DEDED00F9E9BF /* cmdline.mm in Sources */,
				358D565E212DEDED00F9E9BF /* main.mm in Sources */,
				8F48E61724FC761C0073123B /* RestoreSettings.swift in Sources */,
				8FC72A1C24F664BA004E10E1 /* Resolution.swift in Sources */,
				D19A0032A0B1C2D3E4F50032 /* ColorMode.mm in Sources */,
				FA110011A0B1C2D3E4F50011 /* Update.mm in Sources */,
				FA110014A0B1C2D3E4F50014 /* AboutWindowController.swift in Sources */,
				B4C10013A0B1C2D3E4F50013 /* CoreBrightness.mm in Sources */,
				D19A0012A0B1C2D3E4F50012 /* DisplayModes.mm in Sources */,
				E7D50003A0B1C2D3E4F50003 /* DisplayServices.mm in Sources */,
				D19A0013A0B1C2D3E4F50013 /* PreferencesWindowController.swift in Sources */,
				C0570011A0B1C2D3E4F50011 /* CustomResolutionsStore.swift in Sources */,
				C0570012A0B1C2D3E4F50012 /* CustomResolutionsWindowController.swift in Sources */,
				C0570013A0B1C2D3E4F50013 /* SafeApply.swift in Sources */,
				C0570019A0B1C2D3E4F50019 /* ColorModeUI.swift in Sources */,
				E7D60002A0B1C2D3E4F50002 /* BrightnessSlider.swift in Sources */,
				D0C40002A0B1C2D3E4F50002 /* VolumeSlider.swift in Sources */,
				EA0200000000000000000002 /* VolumeHUD.swift in Sources */,
				EA0700000000000000000007 /* MainMenu.swift in Sources */,
				EA0C000000000000000000C0 /* SettingsPane.swift in Sources */,
				EA11000000000000000001B0 /* VolumeMute.swift in Sources */,
				A1B20011A0B1C2D3E4F50011 /* CommandPlan.mm in Sources */,
				D0C10011A0B1C2D3E4F50011 /* DDCProtocol.mm in Sources */,
				D0C20011A0B1C2D3E4F50011 /* DisplayPort.mm in Sources */,
				D0C30011A0B1C2D3E4F50011 /* DDC.mm in Sources */,
				D0C50011A0B1C2D3E4F50011 /* MediaKeys.mm in Sources */,
				D0C60011A0B1C2D3E4F50011 /* VolumeKeys.mm in Sources */,
			);
			runOnlyForDeploymentPostprocessing = 0;
		};
		E7E50012A0B1C2D3E4F50012 /* Sources */ = {
			isa = PBXSourcesBuildPhase;
			buildActionMask = 2147483647;
			files = (
				E7E50018A0B1C2D3E4F50018 /* UtilsTests.swift in Sources */,
				E7E50019A0B1C2D3E4F50019 /* Utils.swift in Sources */,
				E7E5001AA0B1C2D3E4F5001A /* RestoreSettings.swift in Sources */,
				E7E5001BA0B1C2D3E4F5001B /* CustomResolutionsStore.swift in Sources */,
				E7E5001CA0B1C2D3E4F5001C /* Resolution.swift in Sources */,
				E7E5001DA0B1C2D3E4F5001D /* RestoreSettingsTests.swift in Sources */,
				E7E5001FA0B1C2D3E4F5001F /* ResolutionTests.swift in Sources */,
				E7E50021A0B1C2D3E4F50021 /* ColorModeTests.mm in Sources */,
				E7E50022A0B1C2D3E4F50022 /* ColorMode.mm in Sources */,
				FA110012A0B1C2D3E4F50012 /* UpdateTests.mm in Sources */,
				FA110013A0B1C2D3E4F50013 /* Update.mm in Sources */,
				A1B20012A0B1C2D3E4F50012 /* CommandPlan.mm in Sources */,
				A1B20013A0B1C2D3E4F50013 /* CommandPlanTests.mm in Sources */,
				D0C10012A0B1C2D3E4F50012 /* DDCProtocol.mm in Sources */,
				D0C10013A0B1C2D3E4F50013 /* DDCProtocolTests.mm in Sources */,
				D0C20012A0B1C2D3E4F50012 /* DisplayPort.mm in Sources */,
				D0C30012A0B1C2D3E4F50012 /* DDC.mm in Sources */,
				D0C50012A0B1C2D3E4F50012 /* MediaKeys.mm in Sources */,
				D0C50013A0B1C2D3E4F50013 /* MediaKeysTests.mm in Sources */,
				EA0300000000000000000003 /* VolumeHUD.swift in Sources */,
				EA0500000000000000000005 /* VolumeHUDTests.swift in Sources */,
				EA0800000000000000000008 /* MainMenu.swift in Sources */,
				EA0A0000000000000000000A /* MainMenuTests.swift in Sources */,
				EA0D000000000000000000D0 /* SettingsPane.swift in Sources */,
				EA0F000000000000000000F0 /* SettingsPaneTests.swift in Sources */,
				EA16000000000000000002A0 /* AboutPanelTests.swift in Sources */,
				EA17000000000000000002B0 /* AboutWindowController.swift in Sources */,
				EA12000000000000000001C0 /* VolumeMute.swift in Sources */,
				EA14000000000000000001E0 /* VolumeMuteTests.swift in Sources */,
			);
			runOnlyForDeploymentPostprocessing = 0;
		};
/* End PBXSourcesBuildPhase section */


/* Begin XCBuildConfiguration section */
		350B4EF21FB05B2E0001A095 /* Debug */ = {
			isa = XCBuildConfiguration;
			buildSettings = {
				ALWAYS_SEARCH_USER_PATHS = NO;
				CLANG_ANALYZER_NONNULL = YES;
				CLANG_ANALYZER_NUMBER_OBJECT_CONVERSION = YES_AGGRESSIVE;
				CLANG_CXX_LANGUAGE_STANDARD = "gnu++14";
				CLANG_CXX_LIBRARY = "libc++";
				CLANG_ENABLE_MODULES = YES;
				CLANG_ENABLE_OBJC_ARC = YES;
				CLANG_WARN_BLOCK_CAPTURE_AUTORELEASING = YES;
				CLANG_WARN_BOOL_CONVERSION = YES;
				CLANG_WARN_COMMA = YES;
				CLANG_WARN_CONSTANT_CONVERSION = YES;
				CLANG_WARN_DEPRECATED_OBJC_IMPLEMENTATIONS = YES;
				CLANG_WARN_DIRECT_OBJC_ISA_USAGE = YES_ERROR;
				CLANG_WARN_DOCUMENTATION_COMMENTS = YES;
				CLANG_WARN_EMPTY_BODY = YES;
				CLANG_WARN_ENUM_CONVERSION = YES;
				CLANG_WARN_INFINITE_RECURSION = YES;
				CLANG_WARN_INT_CONVERSION = YES;
				CLANG_WARN_NON_LITERAL_NULL_CONVERSION = YES;
				CLANG_WARN_OBJC_IMPLICIT_RETAIN_SELF = YES;
				CLANG_WARN_OBJC_LITERAL_CONVERSION = YES;
				CLANG_WARN_OBJC_ROOT_CLASS = YES_ERROR;
				CLANG_WARN_QUOTED_INCLUDE_IN_FRAMEWORK_HEADER = YES;
				CLANG_WARN_RANGE_LOOP_ANALYSIS = YES;
				CLANG_WARN_STRICT_PROTOTYPES = YES;
				CLANG_WARN_SUSPICIOUS_MOVE = YES;
				CLANG_WARN_UNGUARDED_AVAILABILITY = YES_AGGRESSIVE;
				CLANG_WARN_UNREACHABLE_CODE = YES;
				CLANG_WARN__DUPLICATE_METHOD_MATCH = YES;
				CODE_SIGN_IDENTITY = "-";
				COPY_PHASE_STRIP = NO;
				DEBUG_INFORMATION_FORMAT = dwarf;
				ENABLE_STRICT_OBJC_MSGSEND = YES;
				ENABLE_TESTABILITY = YES;
				GCC_C_LANGUAGE_STANDARD = gnu11;
				GCC_DYNAMIC_NO_PIC = NO;
				GCC_NO_COMMON_BLOCKS = YES;
				GCC_OPTIMIZATION_LEVEL = 0;
				GCC_PREPROCESSOR_DEFINITIONS = (
					"DEBUG=1",
					"$(inherited)",
				);
				GCC_WARN_64_TO_32_BIT_CONVERSION = YES;
				GCC_WARN_ABOUT_RETURN_TYPE = YES_ERROR;
				GCC_WARN_UNDECLARED_SELECTOR = YES;
				GCC_WARN_UNINITIALIZED_AUTOS = YES_AGGRESSIVE;
				GCC_WARN_UNUSED_FUNCTION = YES;
				GCC_WARN_UNUSED_VARIABLE = YES;
				ARCHS = arm64;
				MACOSX_DEPLOYMENT_TARGET = 11.0;
				MTL_ENABLE_DEBUG_INFO = YES;
				ONLY_ACTIVE_ARCH = YES;
				SDKROOT = macosx;
				SWIFT_OBJC_BRIDGING_HEADER = "";
			};
			name = Debug;
		};
		350B4EF31FB05B2E0001A095 /* Release */ = {
			isa = XCBuildConfiguration;
			buildSettings = {
				ALWAYS_SEARCH_USER_PATHS = NO;
				CLANG_ANALYZER_NONNULL = YES;
				CLANG_ANALYZER_NUMBER_OBJECT_CONVERSION = YES_AGGRESSIVE;
				CLANG_CXX_LANGUAGE_STANDARD = "gnu++14";
				CLANG_CXX_LIBRARY = "libc++";
				CLANG_ENABLE_MODULES = YES;
				CLANG_ENABLE_OBJC_ARC = YES;
				CLANG_WARN_BLOCK_CAPTURE_AUTORELEASING = YES;
				CLANG_WARN_BOOL_CONVERSION = YES;
				CLANG_WARN_COMMA = YES;
				CLANG_WARN_CONSTANT_CONVERSION = YES;
				CLANG_WARN_DEPRECATED_OBJC_IMPLEMENTATIONS = YES;
				CLANG_WARN_DIRECT_OBJC_ISA_USAGE = YES_ERROR;
				CLANG_WARN_DOCUMENTATION_COMMENTS = YES;
				CLANG_WARN_EMPTY_BODY = YES;
				CLANG_WARN_ENUM_CONVERSION = YES;
				CLANG_WARN_INFINITE_RECURSION = YES;
				CLANG_WARN_INT_CONVERSION = YES;
				CLANG_WARN_NON_LITERAL_NULL_CONVERSION = YES;
				CLANG_WARN_OBJC_IMPLICIT_RETAIN_SELF = YES;
				CLANG_WARN_OBJC_LITERAL_CONVERSION = YES;
				CLANG_WARN_OBJC_ROOT_CLASS = YES_ERROR;
				CLANG_WARN_QUOTED_INCLUDE_IN_FRAMEWORK_HEADER = YES;
				CLANG_WARN_RANGE_LOOP_ANALYSIS = YES;
				CLANG_WARN_STRICT_PROTOTYPES = YES;
				CLANG_WARN_SUSPICIOUS_MOVE = YES;
				CLANG_WARN_UNGUARDED_AVAILABILITY = YES_AGGRESSIVE;
				CLANG_WARN_UNREACHABLE_CODE = YES;
				CLANG_WARN__DUPLICATE_METHOD_MATCH = YES;
				CODE_SIGN_IDENTITY = "-";
				COPY_PHASE_STRIP = NO;
				DEBUG_INFORMATION_FORMAT = "dwarf-with-dsym";
				ENABLE_NS_ASSERTIONS = NO;
				ENABLE_STRICT_OBJC_MSGSEND = YES;
				GCC_C_LANGUAGE_STANDARD = gnu11;
				GCC_NO_COMMON_BLOCKS = YES;
				GCC_WARN_64_TO_32_BIT_CONVERSION = YES;
				GCC_WARN_ABOUT_RETURN_TYPE = YES_ERROR;
				GCC_WARN_UNDECLARED_SELECTOR = YES;
				GCC_WARN_UNINITIALIZED_AUTOS = YES_AGGRESSIVE;
				GCC_WARN_UNUSED_FUNCTION = YES;
				GCC_WARN_UNUSED_VARIABLE = YES;
				ARCHS = arm64;
				MACOSX_DEPLOYMENT_TARGET = 11.0;
				MTL_ENABLE_DEBUG_INFO = NO;
				SDKROOT = macosx;
				SWIFT_OBJC_BRIDGING_HEADER = "";
			};
			name = Release;
		};
		35C9D3B8212C04DD00D652F7 /* Debug */ = {
			isa = XCBuildConfiguration;
			buildSettings = {
				ASSETCATALOG_COMPILER_APPICON_NAME = AppIcon;
				CLANG_ENABLE_OBJC_WEAK = YES;
				CLANG_WARN_DEPRECATED_OBJC_IMPLEMENTATIONS = YES;
				CLANG_WARN_OBJC_IMPLICIT_RETAIN_SELF = YES;
				CODE_SIGN_IDENTITY = "-";
				CODE_SIGN_STYLE = Automatic;
				COMBINE_HIDPI_IMAGES = YES;
				INFOPLIST_FILE = etc/Info.plist;
				LD_RUNPATH_SEARCH_PATHS = "$(inherited) @executable_path/../Frameworks";
				MACOSX_DEPLOYMENT_TARGET = 11.0;
				CURRENT_PROJECT_VERSION = 1;
				MARKETING_VERSION = 1.0.1;
				MTL_ENABLE_DEBUG_INFO = INCLUDE_SOURCE;
				MTL_FAST_MATH = YES;
				PRODUCT_BUNDLE_IDENTIFIER = io.github.davidnoyes.ezdisplay;
				PRODUCT_NAME = "$(TARGET_NAME)";
				SWIFT_ACTIVE_COMPILATION_CONDITIONS = DEBUG;
				SWIFT_OBJC_BRIDGING_HEADER = src/bridging.h;
				SWIFT_OPTIMIZATION_LEVEL = "-Onone";
				SWIFT_PRECOMPILE_BRIDGING_HEADER = YES;
				SWIFT_VERSION = 5.0;
			};
			name = Debug;
		};
		35C9D3B9212C04DD00D652F7 /* Release */ = {
			isa = XCBuildConfiguration;
			buildSettings = {
				ASSETCATALOG_COMPILER_APPICON_NAME = AppIcon;
				CLANG_ENABLE_OBJC_WEAK = YES;
				CLANG_WARN_DEPRECATED_OBJC_IMPLEMENTATIONS = YES;
				CLANG_WARN_OBJC_IMPLICIT_RETAIN_SELF = YES;
				CODE_SIGN_IDENTITY = "-";
				CODE_SIGN_STYLE = Automatic;
				COMBINE_HIDPI_IMAGES = YES;
				INFOPLIST_FILE = etc/Info.plist;
				LD_RUNPATH_SEARCH_PATHS = "$(inherited) @executable_path/../Frameworks";
				MACOSX_DEPLOYMENT_TARGET = 11.0;
				CURRENT_PROJECT_VERSION = 1;
				MARKETING_VERSION = 1.0.1;
				MTL_FAST_MATH = YES;
				PRODUCT_BUNDLE_IDENTIFIER = io.github.davidnoyes.ezdisplay;
				PRODUCT_NAME = "$(TARGET_NAME)";
				SWIFT_OBJC_BRIDGING_HEADER = src/bridging.h;
				SWIFT_OPTIMIZATION_LEVEL = "-Owholemodule";
				SWIFT_PRECOMPILE_BRIDGING_HEADER = YES;
				SWIFT_VERSION = 5.0;
			};
			name = Release;
		};
		E7E50014A0B1C2D3E4F50014 /* Debug */ = {
			isa = XCBuildConfiguration;
			buildSettings = {
				CODE_SIGN_IDENTITY = "-";
				CODE_SIGN_STYLE = Automatic;
				GENERATE_INFOPLIST_FILE = YES;
				LD_RUNPATH_SEARCH_PATHS = "$(inherited) @executable_path/../Frameworks @loader_path/../Frameworks";
				MACOSX_DEPLOYMENT_TARGET = 14.0;
				PRODUCT_BUNDLE_IDENTIFIER = io.github.davidnoyes.ezdisplaytests;
				PRODUCT_NAME = "$(TARGET_NAME)";
				SWIFT_ACTIVE_COMPILATION_CONDITIONS = DEBUG;
				SWIFT_OBJC_BRIDGING_HEADER = tests/bridging-tests.h;
				SWIFT_OPTIMIZATION_LEVEL = "-Onone";
				SWIFT_VERSION = 5.0;
			};
			name = Debug;
		};
		E7E50015A0B1C2D3E4F50015 /* Release */ = {
			isa = XCBuildConfiguration;
			buildSettings = {
				CODE_SIGN_IDENTITY = "-";
				CODE_SIGN_STYLE = Automatic;
				GENERATE_INFOPLIST_FILE = YES;
				LD_RUNPATH_SEARCH_PATHS = "$(inherited) @executable_path/../Frameworks @loader_path/../Frameworks";
				MACOSX_DEPLOYMENT_TARGET = 14.0;
				PRODUCT_BUNDLE_IDENTIFIER = io.github.davidnoyes.ezdisplaytests;
				PRODUCT_NAME = "$(TARGET_NAME)";
				SWIFT_OBJC_BRIDGING_HEADER = tests/bridging-tests.h;
				SWIFT_OPTIMIZATION_LEVEL = "-Owholemodule";
				SWIFT_VERSION = 5.0;
			};
			name = Release;
		};
/* End XCBuildConfiguration section */

/* Begin XCConfigurationList section */
		350B4EE81FB05B2E0001A095 /* Build configuration list for PBXProject "EZDisplay" */ = {
			isa = XCConfigurationList;
			buildConfigurations = (
				350B4EF21FB05B2E0001A095 /* Debug */,
				350B4EF31FB05B2E0001A095 /* Release */,
			);
			defaultConfigurationIsVisible = 0;
			defaultConfigurationName = Release;
		};
		35C9D3BA212C04DD00D652F7 /* Build configuration list for PBXNativeTarget "EZDisplay" */ = {
			isa = XCConfigurationList;
			buildConfigurations = (
				35C9D3B8212C04DD00D652F7 /* Debug */,
				35C9D3B9212C04DD00D652F7 /* Release */,
			);
			defaultConfigurationIsVisible = 0;
			defaultConfigurationName = Release;
		};
		E7E50013A0B1C2D3E4F50013 /* Build configuration list for PBXNativeTarget "EZDisplayTests" */ = {
			isa = XCConfigurationList;
			buildConfigurations = (
				E7E50014A0B1C2D3E4F50014 /* Debug */,
				E7E50015A0B1C2D3E4F50015 /* Release */,
			);
			defaultConfigurationIsVisible = 0;
			defaultConfigurationName = Release;
		};
/* End XCConfigurationList section */
	};
	rootObject = 350B4EE51FB05B2E0001A095 /* Project object */;
}
